
Microsoft Visual Studio Solution File, Format Version 12.00
# Visual Studio 14
VisualStudioVersion = 14.0.23107.0
MinimumVisualStudioVersion = 10.0.40219.1
Project("{FAE04EC0-301F-11D3-BF4B-00C04F79EFBC}") = "Monty.ActiveRecord", "Monty.ActiveRecord\Monty.ActiveRecord.csproj", "{3DF51167-C043-4D56-818E-F430FBEBCB8B}"
EndProject
Project("{2150E333-8FDC-42A3-9474-1A3956D46DE8}") = "Dependencies", "Dependencies", "{5CDED6B3-8878-4AF4-AB05-55C7C601CBC7}"
	ProjectSection(SolutionItems) = preProject
		Dependencies\log4net.dll = Dependencies\log4net.dll
		Dependencies\MySql.Data.dll = Dependencies\MySql.Data.dll
		Dependencies\MySql.Data.Entity.dll = Dependencies\MySql.Data.Entity.dll
		Dependencies\Sign Key.txt = Dependencies\Sign Key.txt
	EndProjectSection
EndProject
Project("{FAE04EC0-301F-11D3-BF4B-00C04F79EFBC}") = "Monty.ActiveRecord.Test", "Monty.ActiveRecord.Test\Monty.ActiveRecord.Test.csproj", "{5FF0E971-7D82-4141-B2A0-3CD31638483C}"
EndProject
Global
	GlobalSection(SolutionConfigurationPlatforms) = preSolution
		Debug|Any CPU = Debug|Any CPU
		Release|Any CPU = Release|Any CPU
	EndGlobalSection
	GlobalSection(ProjectConfigurationPlatforms) = postSolution
		{3DF51167-C043-4D56-818E-F430FBEBCB8B}.Debug|Any CPU.ActiveCfg = Debug|Any CPU
		{3DF51167-C043-4D56-818E-F430FBEBCB8B}.Debug|Any CPU.Build.0 = Debug|Any CPU
		{3DF51167-C043-4D56-818E-F430FBEBCB8B}.Release|Any CPU.ActiveCfg = Release|Any CPU
		{3DF51167-C043-4D56-818E-F430FBEBCB8B}.Release|Any CPU.Build.0 = Release|Any CPU
		{5FF0E971-7D82-4141-B2A0-3CD31638483C}.Debug|Any CPU.ActiveCfg = Debug|Any CPU
		{5FF0E971-7D82-4141-B2A0-3CD31638483C}.Debug|Any CPU.Build.0 = Debug|Any CPU
		{5FF0E971-7D82-4141-B2A0-3CD31638483C}.Release|Any CPU.ActiveCfg = Release|Any CPU
		{5FF0E971-7D82-4141-B2A0-3CD31638483C}.Release|Any CPU.Build.0 = Release|Any CPU
	EndGlobalSection
	GlobalSection(SolutionProperties) = preSolution
		HideSolutionNode = FALSE
	EndGlobalSection
EndGlobal
